
Microsoft Visual Studio Solution File, Format Version 12.00
# Visual Studio 2012
Project("{FAE04EC0-301F-11D3-BF4B-00C04F79EFBC}") = "Sharper.Tests", "Sharper.Tests\Sharper.Tests.csproj", "{354EE519-DEC4-4FC4-8232-B0527383C46C}"
EndProject
Project("{FAE04EC0-301F-11D3-BF4B-00C04F79EFBC}") = "Sharper", "Sharper\Sharper.csproj", "{9BA95CDD-C541-422D-944D-51AFB227202E}"
EndProject
Global
	GlobalSection(SolutionConfigurationPlatforms) = preSolution
		Debug|Any CPU = Debug|Any CPU
		Release|Any CPU = Release|Any CPU
	EndGlobalSection
	GlobalSection(ProjectConfigurationPlatforms) = postSolution
		{354EE519-DEC4-4FC4-8232-B0527383C46C}.Debug|Any CPU.ActiveCfg = Debug|Any CPU
		{354EE519-DEC4-4FC4-8232-B0527383C46C}.Debug|Any CPU.Build.0 = Debug|Any CPU
		{354EE519-DEC4-4FC4-8232-B0527383C46C}.Release|Any CPU.ActiveCfg = Release|Any CPU
		{354EE519-DEC4-4FC4-8232-B0527383C46C}.Release|Any CPU.Build.0 = Release|Any CPU
		{9BA95CDD-C541-422D-944D-51AFB227202E}.Debug|Any CPU.ActiveCfg = Debug|Any CPU
		{9BA95CDD-C541-422D-944D-51AFB227202E}.Debug|Any CPU.Build.0 = Debug|Any CPU
		{9BA95CDD-C541-422D-944D-51AFB227202E}.Release|Any CPU.ActiveCfg = Release|Any CPU
		{9BA95CDD-C541-422D-944D-51AFB227202E}.Release|Any CPU.Build.0 = Release|Any CPU
	EndGlobalSection
EndGlobal
